
Microsoft Visual Studio Solution File, Format Version 12.00
# Visual Studio 14
VisualStudioVersion = 14.0.23107.0
MinimumVisualStudioVersion = 10.0.40219.1
Project("{FAE04EC0-301F-11D3-BF4B-00C04F79EFBC}") = "Khan", "Khan\Khan.csproj", "{4BB1334B-0DE1-442F-96C2-35C9A9FE7309}"
EndProject
Project("{FAE04EC0-301F-11D3-BF4B-00C04F79EFBC}") = "Khan.Tests", "Khan.Tests\Khan.Tests.csproj", "{49B7BE5E-03FE-4D7E-AB45-EF9AA151C1A3}"
EndProject
Global
	GlobalSection(SolutionConfigurationPlatforms) = preSolution
		Debug|Any CPU = Debug|Any CPU
		Release|Any CPU = Release|Any CPU
	EndGlobalSection
	GlobalSection(ProjectConfigurationPlatforms) = postSolution
		{4BB1334B-0DE1-442F-96C2-35C9A9FE7309}.Debug|Any CPU.ActiveCfg = Debug|Any CPU
		{4BB1334B-0DE1-442F-96C2-35C9A9FE7309}.Debug|Any CPU.Build.0 = Debug|Any CPU
		{4BB1334B-0DE1-442F-96C2-35C9A9FE7309}.Release|Any CPU.ActiveCfg = Release|Any CPU
		{4BB1334B-0DE1-442F-96C2-35C9A9FE7309}.Release|Any CPU.Build.0 = Release|Any CPU
		{49B7BE5E-03FE-4D7E-AB45-EF9AA151C1A3}.Debug|Any CPU.ActiveCfg = Debug|Any CPU
		{49B7BE5E-03FE-4D7E-AB45-EF9AA151C1A3}.Debug|Any CPU.Build.0 = Debug|Any CPU
		{49B7BE5E-03FE-4D7E-AB45-EF9AA151C1A3}.Release|Any CPU.ActiveCfg = Release|Any CPU
		{49B7BE5E-03FE-4D7E-AB45-EF9AA151C1A3}.Release|Any CPU.Build.0 = Release|Any CPU
	EndGlobalSection
	GlobalSection(SolutionProperties) = preSolution
		HideSolutionNode = FALSE
	EndGlobalSection
EndGlobal
